github.com/julianchong00/hugo-developer-portfolio v0.0.0-20220917032609-0ee11d23df95 h1:85sQB2IxpTS3eC1xMeH9Omf3j0sUALC27llRF5aAd+o=
github.com/julianchong00/hugo-developer-portfolio v0.0.0-20220917032609-0ee11d23df95/go.mod h1:IzP8zsLheJnd8I2mSB5BpD6qEHG0GuEQuktWczobjM8=
github.com/julianchong00/hugo-developer-portfolio v0.0.0-20220917034043-7f326ac4bb75 h1:RhZ9PuZVUqe2PbbKx5ZqQ6qPP9AfEVaEuTX2pw5YoAE=
github.com/julianchong00/hugo-developer-portfolio v0.0.0-20220917034043-7f326ac4bb75/go.mod h1:IzP8zsLheJnd8I2mSB5BpD6qEHG0GuEQuktWczobjM8=
github.com/julianchong00/hugo-developer-portfolio v0.0.0-20220917040500-0c8cdcea6711/go.mod h1:Ca1Vrk5I1E6VQ/KpL2A0u6NYpGNqcz4xt2g1HL67cIg=
github.com/julianchong00/hugo-developer-portfolio v0.0.0-20220917041316-d55e2b3797d3 h1:yCT/OLSEkFlec9/2xfTJsrGEN74N3nrEvAp9CZV4oug=
github.com/julianchong00/hugo-developer-portfolio v0.0.0-20220917041316-d55e2b3797d3/go.mod h1:Ca1Vrk5I1E6VQ/KpL2A0u6NYpGNqcz4xt2g1HL67cIg=
github.com/julianchong00/hugo-developer-portfolio v0.0.0-20220918063542-2b80ca854def h1:R3N1cKq5iR/splDEkR3YxJ/Ao+QL423vp6z4hFUhU4I=
github.com/julianchong00/hugo-developer-portfolio v0.0.0-20220918063542-2b80ca854def/go.mod h1:Ca1Vrk5I1E6VQ/KpL2A0u6NYpGNqcz4xt2g1HL67cIg=
