github.com/julianchong00/hugo-developer-portfolio v0.0.0-20220927130944-84adb44fd0d4 h1:THI5BtAM7wo39MNbVmnDsDp8zdDhcU91fBP8A5dfvWc=
github.com/julianchong00/hugo-developer-portfolio v0.0.0-20220927130944-84adb44fd0d4/go.mod h1:Ca1Vrk5I1E6VQ/KpL2A0u6NYpGNqcz4xt2g1HL67cIg=
github.com/julianchong00/hugo-developer-portfolio v0.0.0-20220929100248-c8209bf8369d h1:Pq0fUYnE5s1xExXlc9Nh2PV6af8WXAUoK1IX3HGlqiQ=
github.com/julianchong00/hugo-developer-portfolio v0.0.0-20220929100248-c8209bf8369d/go.mod h1:Ca1Vrk5I1E6VQ/KpL2A0u6NYpGNqcz4xt2g1HL67cIg=
